{
  "originHash" : "436116a3848388f9665b36a863403448b9204d92a844cd33b180e09fd857f1a4",
  "pins" : [
    {
      "identity" : "moonshine-swift",
      "kind" : "remoteSourceControl",
      "location" : "https://github.com/moonshine-ai/moonshine-swift.git",
      "state" : {
        "revision" : "97b9b8c55699d4bb08b6be0448971ef1e84ebf61",
        "version" : "0.0.52"
      }
    }
  ],
  "version" : 3
}
